// !$*UTF8*$!
{
	archiveVersion = 1;
	classes = {
	};
	objectVersion = 51;
	objects = {

/* Begin PBXBuildFile section */
		0288C89FE2FA812F121CAC9F /* Pods_shishaLog.framework in Frameworks */ = {isa = PBXBuildFile; fileRef = FCACC46B811F6668310475C2 /* Pods_shishaLog.framework */; };
		851AAA60247E92AC006030D1 /* AppDelegate.swift in Sources */ = {isa = PBXBuildFile; fileRef = 851AAA5F247E92AC006030D1 /* AppDelegate.swift */; };
		851AAA62247E92AC006030D1 /* SceneDelegate.swift in Sources */ = {isa = PBXBuildFile; fileRef = 851AAA61247E92AC006030D1 /* SceneDelegate.swift */; };
		851AAA67247E92AC006030D1 /* Main.storyboard in Resources */ = {isa = PBXBuildFile; fileRef = 851AAA65247E92AC006030D1 /* Main.storyboard */; };
		851AAA69247E92AD006030D1 /* Assets.xcassets in Resources */ = {isa = PBXBuildFile; fileRef = 851AAA68247E92AD006030D1 /* Assets.xcassets */; };
		851AAA6C247E92AD006030D1 /* LaunchScreen.storyboard in Resources */ = {isa = PBXBuildFile; fileRef = 851AAA6A247E92AD006030D1 /* LaunchScreen.storyboard */; };
		851AAA7A247E965E006030D1 /* Utilities.swift in Sources */ = {isa = PBXBuildFile; fileRef = 851AAA79247E965E006030D1 /* Utilities.swift */; };
		851AAA7C247E9685006030D1 /* Extensions.swift in Sources */ = {isa = PBXBuildFile; fileRef = 851AAA7B247E9685006030D1 /* Extensions.swift */; };
		851AAA7E247E96E2006030D1 /* Constants.swift in Sources */ = {isa = PBXBuildFile; fileRef = 851AAA7D247E96E2006030D1 /* Constants.swift */; };
		851AAA80247E98DC006030D1 /* MainTabController.swift in Sources */ = {isa = PBXBuildFile; fileRef = 851AAA7F247E98DC006030D1 /* MainTabController.swift */; };
		851AAA83247E9CC6006030D1 /* RegistrationController.swift in Sources */ = {isa = PBXBuildFile; fileRef = 851AAA82247E9CC6006030D1 /* RegistrationController.swift */; };
		851AAA85247E9DD0006030D1 /* FeedController.swift in Sources */ = {isa = PBXBuildFile; fileRef = 851AAA84247E9DD0006030D1 /* FeedController.swift */; };
		851AAA87247E9E29006030D1 /* ExploreController.swift in Sources */ = {isa = PBXBuildFile; fileRef = 851AAA86247E9E29006030D1 /* ExploreController.swift */; };
		851AAA89247E9E80006030D1 /* ProfileController.swift in Sources */ = {isa = PBXBuildFile; fileRef = 851AAA88247E9E80006030D1 /* ProfileController.swift */; };
		851AAA8B247E9EC5006030D1 /* SpotFeedController.swift in Sources */ = {isa = PBXBuildFile; fileRef = 851AAA8A247E9EC5006030D1 /* SpotFeedController.swift */; };
		851AAA8D247EB854006030D1 /* GoogleService-Info.plist in Resources */ = {isa = PBXBuildFile; fileRef = 851AAA8C247EB854006030D1 /* GoogleService-Info.plist */; };
		851AAA8F247ED260006030D1 /* LoginController.swift in Sources */ = {isa = PBXBuildFile; fileRef = 851AAA8E247ED260006030D1 /* LoginController.swift */; };
		851AAA91247ED5AE006030D1 /* UserService.swift in Sources */ = {isa = PBXBuildFile; fileRef = 851AAA90247ED5AE006030D1 /* UserService.swift */; };
		851AAA93247ED61D006030D1 /* AuthService.swift in Sources */ = {isa = PBXBuildFile; fileRef = 851AAA92247ED61D006030D1 /* AuthService.swift */; };
		85417CA7249CBD0400FDFDC8 /* ProfileHeaderViewModel.swift in Sources */ = {isa = PBXBuildFile; fileRef = 85417CA6249CBD0400FDFDC8 /* ProfileHeaderViewModel.swift */; };
		854ACFBC24A62C38000C880F /* EditProfileFooter.swift in Sources */ = {isa = PBXBuildFile; fileRef = 854ACFBB24A62C38000C880F /* EditProfileFooter.swift */; };
		8555C38824D131DA00DE30DA /* SpotController.swift in Sources */ = {isa = PBXBuildFile; fileRef = 8555C38724D131DA00DE30DA /* SpotController.swift */; };
		8555C38A24D1332D00DE30DA /* SpotHeader.swift in Sources */ = {isa = PBXBuildFile; fileRef = 8555C38924D1332D00DE30DA /* SpotHeader.swift */; };
		8555C38C24D44FB200DE30DA /* UserListController.swift in Sources */ = {isa = PBXBuildFile; fileRef = 8555C38B24D44FB200DE30DA /* UserListController.swift */; };
		8563E28C2497AD56008F9103 /* CaptionTextView.swift in Sources */ = {isa = PBXBuildFile; fileRef = 8563E28B2497AD56008F9103 /* CaptionTextView.swift */; };
		8563E28E2498FD1F008F9103 /* Log.swift in Sources */ = {isa = PBXBuildFile; fileRef = 8563E28D2498FD1F008F9103 /* Log.swift */; };
		8563E2902499DCC9008F9103 /* UserCell.swift in Sources */ = {isa = PBXBuildFile; fileRef = 8563E28F2499DCC9008F9103 /* UserCell.swift */; };
		8563E2922499FFC4008F9103 /* ProfileHeader.swift in Sources */ = {isa = PBXBuildFile; fileRef = 8563E2912499FFC4008F9103 /* ProfileHeader.swift */; };
		8571AAF024BF43030000C2F6 /* ShopService.swift in Sources */ = {isa = PBXBuildFile; fileRef = 8571AAEF24BF43030000C2F6 /* ShopService.swift */; };
		8571AAF224BF43F60000C2F6 /* ShopRegistrationController.swift in Sources */ = {isa = PBXBuildFile; fileRef = 8571AAF124BF43F60000C2F6 /* ShopRegistrationController.swift */; };
		8571AAF424C02B270000C2F6 /* ShopRegistrationViewModel.swift in Sources */ = {isa = PBXBuildFile; fileRef = 8571AAF324C02B270000C2F6 /* ShopRegistrationViewModel.swift */; };
		8591BD2B24BEC3280001BEA0 /* SpotService.swift in Sources */ = {isa = PBXBuildFile; fileRef = 8591BD2A24BEC3280001BEA0 /* SpotService.swift */; };
		8591BD2D24BEC4510001BEA0 /* UploadSpotController.swift in Sources */ = {isa = PBXBuildFile; fileRef = 8591BD2C24BEC4510001BEA0 /* UploadSpotController.swift */; };
		8591BD2F24BECBDC0001BEA0 /* Shop.swift in Sources */ = {isa = PBXBuildFile; fileRef = 8591BD2E24BECBDC0001BEA0 /* Shop.swift */; };
		8591BD3124BF09630001BEA0 /* ChoiceSpotController.swift in Sources */ = {isa = PBXBuildFile; fileRef = 8591BD3024BF09630001BEA0 /* ChoiceSpotController.swift */; };
		859DF69C24A8A94200D580C6 /* LogHeader.swift in Sources */ = {isa = PBXBuildFile; fileRef = 859DF69B24A8A94200D580C6 /* LogHeader.swift */; };
		859DF69E24A908A900D580C6 /* Spot.swift in Sources */ = {isa = PBXBuildFile; fileRef = 859DF69D24A908A900D580C6 /* Spot.swift */; };
		859DF6A024AA2BF800D580C6 /* SpotCell.swift in Sources */ = {isa = PBXBuildFile; fileRef = 859DF69F24AA2BF800D580C6 /* SpotCell.swift */; };
		85BF5BCB24BF0D65001BFD0B /* ChoiceSpotCell.swift in Sources */ = {isa = PBXBuildFile; fileRef = 85BF5BCA24BF0D65001BFD0B /* ChoiceSpotCell.swift */; };
		85C1697E24A3277700BD2EE1 /* EditProfileController.swift in Sources */ = {isa = PBXBuildFile; fileRef = 85C1697D24A3277700BD2EE1 /* EditProfileController.swift */; };
		85C1698024A33BC500BD2EE1 /* EditProfileHeader.swift in Sources */ = {isa = PBXBuildFile; fileRef = 85C1697F24A33BC500BD2EE1 /* EditProfileHeader.swift */; };
		85C1698224A33BD400BD2EE1 /* EditProfileCell.swift in Sources */ = {isa = PBXBuildFile; fileRef = 85C1698124A33BD400BD2EE1 /* EditProfileCell.swift */; };
		85C2352D24C5A5CB003FD668 /* SpotViewModel.swift in Sources */ = {isa = PBXBuildFile; fileRef = 85C2352C24C5A5CB003FD668 /* SpotViewModel.swift */; };
		85D8EA1A248E74CE002AFEC1 /* UploadLogController.swift in Sources */ = {isa = PBXBuildFile; fileRef = 85D8EA19248E74CE002AFEC1 /* UploadLogController.swift */; };
		85D8EA1C248E81D5002AFEC1 /* LogService.swift in Sources */ = {isa = PBXBuildFile; fileRef = 85D8EA1B248E81D5002AFEC1 /* LogService.swift */; };
		85D8EA1E248F363E002AFEC1 /* User.swift in Sources */ = {isa = PBXBuildFile; fileRef = 85D8EA1D248F363E002AFEC1 /* User.swift */; };
		85E0F57B24A4D5A200FBFBF3 /* EditProfileViewModel.swift in Sources */ = {isa = PBXBuildFile; fileRef = 85E0F57A24A4D5A200FBFBF3 /* EditProfileViewModel.swift */; };
		85EA102724A7BBB000397C46 /* LogController.swift in Sources */ = {isa = PBXBuildFile; fileRef = 85EA102624A7BBB000397C46 /* LogController.swift */; };
		85EA445E24CC3AF300FA5FEE /* LogViewModel.swift in Sources */ = {isa = PBXBuildFile; fileRef = 85EA445D24CC3AF300FA5FEE /* LogViewModel.swift */; };
		85EA446024CC511600FA5FEE /* ActionSheetLauncher.swift in Sources */ = {isa = PBXBuildFile; fileRef = 85EA445F24CC511600FA5FEE /* ActionSheetLauncher.swift */; };
		85EA446224CC551A00FA5FEE /* ActionSheetCell.swift in Sources */ = {isa = PBXBuildFile; fileRef = 85EA446124CC551A00FA5FEE /* ActionSheetCell.swift */; };
		85EA446424CC636200FA5FEE /* ActionSheetViewModel.swift in Sources */ = {isa = PBXBuildFile; fileRef = 85EA446324CC636200FA5FEE /* ActionSheetViewModel.swift */; };
		85EA486E248A7EC10086A140 /* LogCell.swift in Sources */ = {isa = PBXBuildFile; fileRef = 85EA486D248A7EC10086A140 /* LogCell.swift */; };
		85EB9A51249BBADA00C03E49 /* ProfileFilterView.swift in Sources */ = {isa = PBXBuildFile; fileRef = 85EB9A50249BBADA00C03E49 /* ProfileFilterView.swift */; };
		85EB9A54249BBCBF00C03E49 /* ProfileFilterCell.swift in Sources */ = {isa = PBXBuildFile; fileRef = 85EB9A53249BBCBF00C03E49 /* ProfileFilterCell.swift */; };
/* End PBXBuildFile section */

/* Begin PBXFileReference section */
		100583CB114F7ACA28C2044A /* Pods-shishaLog.debug.xcconfig */ = {isa = PBXFileReference; includeInIndex = 1; lastKnownFileType = text.xcconfig; name = "Pods-shishaLog.debug.xcconfig"; path = "Target Support Files/Pods-shishaLog/Pods-shishaLog.debug.xcconfig"; sourceTree = "<group>"; };
		374390EDFDC908B161FEA36E /* Pods-shishaLog.release.xcconfig */ = {isa = PBXFileReference; includeInIndex = 1; lastKnownFileType = text.xcconfig; name = "Pods-shishaLog.release.xcconfig"; path = "Target Support Files/Pods-shishaLog/Pods-shishaLog.release.xcconfig"; sourceTree = "<group>"; };
		851AAA5C247E92AC006030D1 /* shishaLog.app */ = {isa = PBXFileReference; explicitFileType = wrapper.application; includeInIndex = 0; path = shishaLog.app; sourceTree = BUILT_PRODUCTS_DIR; };
		851AAA5F247E92AC006030D1 /* AppDelegate.swift */ = {isa = PBXFileReference; lastKnownFileType = sourcecode.swift; path = AppDelegate.swift; sourceTree = "<group>"; };
		851AAA61247E92AC006030D1 /* SceneDelegate.swift */ = {isa = PBXFileReference; lastKnownFileType = sourcecode.swift; path = SceneDelegate.swift; sourceTree = "<group>"; };
		851AAA66247E92AC006030D1 /* Base */ = {isa = PBXFileReference; lastKnownFileType = file.storyboard; name = Base; path = Base.lproj/Main.storyboard; sourceTree = "<group>"; };
		851AAA68247E92AD006030D1 /* Assets.xcassets */ = {isa = PBXFileReference; lastKnownFileType = folder.assetcatalog; path = Assets.xcassets; sourceTree = "<group>"; };
		851AAA6B247E92AD006030D1 /* Base */ = {isa = PBXFileReference; lastKnownFileType = file.storyboard; name = Base; path = Base.lproj/LaunchScreen.storyboard; sourceTree = "<group>"; };
		851AAA6D247E92AD006030D1 /* Info.plist */ = {isa = PBXFileReference; lastKnownFileType = text.plist.xml; path = Info.plist; sourceTree = "<group>"; };
		851AAA79247E965E006030D1 /* Utilities.swift */ = {isa = PBXFileReference; lastKnownFileType = sourcecode.swift; path = Utilities.swift; sourceTree = "<group>"; };
		851AAA7B247E9685006030D1 /* Extensions.swift */ = {isa = PBXFileReference; lastKnownFileType = sourcecode.swift; path = Extensions.swift; sourceTree = "<group>"; };
		851AAA7D247E96E2006030D1 /* Constants.swift */ = {isa = PBXFileReference; lastKnownFileType = sourcecode.swift; path = Constants.swift; sourceTree = "<group>"; };
		851AAA7F247E98DC006030D1 /* MainTabController.swift */ = {isa = PBXFileReference; lastKnownFileType = sourcecode.swift; path = MainTabController.swift; sourceTree = "<group>"; };
		851AAA82247E9CC6006030D1 /* RegistrationController.swift */ = {isa = PBXFileReference; lastKnownFileType = sourcecode.swift; path = RegistrationController.swift; sourceTree = "<group>"; };
		851AAA84247E9DD0006030D1 /* FeedController.swift */ = {isa = PBXFileReference; lastKnownFileType = sourcecode.swift; path = FeedController.swift; sourceTree = "<group>"; };
		851AAA86247E9E29006030D1 /* ExploreController.swift */ = {isa = PBXFileReference; lastKnownFileType = sourcecode.swift; path = ExploreController.swift; sourceTree = "<group>"; };
		851AAA88247E9E80006030D1 /* ProfileController.swift */ = {isa = PBXFileReference; lastKnownFileType = sourcecode.swift; path = ProfileController.swift; sourceTree = "<group>"; };
		851AAA8A247E9EC5006030D1 /* SpotFeedController.swift */ = {isa = PBXFileReference; lastKnownFileType = sourcecode.swift; path = SpotFeedController.swift; sourceTree = "<group>"; };
		851AAA8C247EB854006030D1 /* GoogleService-Info.plist */ = {isa = PBXFileReference; fileEncoding = 4; lastKnownFileType = text.plist.xml; path = "GoogleService-Info.plist"; sourceTree = "<group>"; };
		851AAA8E247ED260006030D1 /* LoginController.swift */ = {isa = PBXFileReference; lastKnownFileType = sourcecode.swift; path = LoginController.swift; sourceTree = "<group>"; };
		851AAA90247ED5AE006030D1 /* UserService.swift */ = {isa = PBXFileReference; lastKnownFileType = sourcecode.swift; path = UserService.swift; sourceTree = "<group>"; };
		851AAA92247ED61D006030D1 /* AuthService.swift */ = {isa = PBXFileReference; lastKnownFileType = sourcecode.swift; path = AuthService.swift; sourceTree = "<group>"; };
		85417CA6249CBD0400FDFDC8 /* ProfileHeaderViewModel.swift */ = {isa = PBXFileReference; lastKnownFileType = sourcecode.swift; path = ProfileHeaderViewModel.swift; sourceTree = "<group>"; };
		854ACFBB24A62C38000C880F /* EditProfileFooter.swift */ = {isa = PBXFileReference; lastKnownFileType = sourcecode.swift; path = EditProfileFooter.swift; sourceTree = "<group>"; };
		8555C38724D131DA00DE30DA /* SpotController.swift */ = {isa = PBXFileReference; lastKnownFileType = sourcecode.swift; path = SpotController.swift; sourceTree = "<group>"; };
		8555C38924D1332D00DE30DA /* SpotHeader.swift */ = {isa = PBXFileReference; lastKnownFileType = sourcecode.swift; path = SpotHeader.swift; sourceTree = "<group>"; };
		8555C38B24D44FB200DE30DA /* UserListController.swift */ = {isa = PBXFileReference; lastKnownFileType = sourcecode.swift; path = UserListController.swift; sourceTree = "<group>"; };
		8563E28B2497AD56008F9103 /* CaptionTextView.swift */ = {isa = PBXFileReference; lastKnownFileType = sourcecode.swift; path = CaptionTextView.swift; sourceTree = "<group>"; };
		8563E28D2498FD1F008F9103 /* Log.swift */ = {isa = PBXFileReference; lastKnownFileType = sourcecode.swift; path = Log.swift; sourceTree = "<group>"; };
		8563E28F2499DCC9008F9103 /* UserCell.swift */ = {isa = PBXFileReference; lastKnownFileType = sourcecode.swift; path = UserCell.swift; sourceTree = "<group>"; };
		8563E2912499FFC4008F9103 /* ProfileHeader.swift */ = {isa = PBXFileReference; lastKnownFileType = sourcecode.swift; path = ProfileHeader.swift; sourceTree = "<group>"; };
		8571AAEF24BF43030000C2F6 /* ShopService.swift */ = {isa = PBXFileReference; lastKnownFileType = sourcecode.swift; path = ShopService.swift; sourceTree = "<group>"; };
		8571AAF124BF43F60000C2F6 /* ShopRegistrationController.swift */ = {isa = PBXFileReference; lastKnownFileType = sourcecode.swift; path = ShopRegistrationController.swift; sourceTree = "<group>"; };
		8571AAF324C02B270000C2F6 /* ShopRegistrationViewModel.swift */ = {isa = PBXFileReference; lastKnownFileType = sourcecode.swift; path = ShopRegistrationViewModel.swift; sourceTree = "<group>"; };
		8591BD2A24BEC3280001BEA0 /* SpotService.swift */ = {isa = PBXFileReference; lastKnownFileType = sourcecode.swift; path = SpotService.swift; sourceTree = "<group>"; };
		8591BD2C24BEC4510001BEA0 /* UploadSpotController.swift */ = {isa = PBXFileReference; lastKnownFileType = sourcecode.swift; path = UploadSpotController.swift; sourceTree = "<group>"; };
		8591BD2E24BECBDC0001BEA0 /* Shop.swift */ = {isa = PBXFileReference; lastKnownFileType = sourcecode.swift; path = Shop.swift; sourceTree = "<group>"; };
		8591BD3024BF09630001BEA0 /* ChoiceSpotController.swift */ = {isa = PBXFileReference; lastKnownFileType = sourcecode.swift; path = ChoiceSpotController.swift; sourceTree = "<group>"; };
		859DF69B24A8A94200D580C6 /* LogHeader.swift */ = {isa = PBXFileReference; lastKnownFileType = sourcecode.swift; path = LogHeader.swift; sourceTree = "<group>"; };
		859DF69D24A908A900D580C6 /* Spot.swift */ = {isa = PBXFileReference; lastKnownFileType = sourcecode.swift; path = Spot.swift; sourceTree = "<group>"; };
		859DF69F24AA2BF800D580C6 /* SpotCell.swift */ = {isa = PBXFileReference; lastKnownFileType = sourcecode.swift; path = SpotCell.swift; sourceTree = "<group>"; };
		85BF5BCA24BF0D65001BFD0B /* ChoiceSpotCell.swift */ = {isa = PBXFileReference; lastKnownFileType = sourcecode.swift; path = ChoiceSpotCell.swift; sourceTree = "<group>"; };
		85C1697D24A3277700BD2EE1 /* EditProfileController.swift */ = {isa = PBXFileReference; lastKnownFileType = sourcecode.swift; path = EditProfileController.swift; sourceTree = "<group>"; };
		85C1697F24A33BC500BD2EE1 /* EditProfileHeader.swift */ = {isa = PBXFileReference; lastKnownFileType = sourcecode.swift; path = EditProfileHeader.swift; sourceTree = "<group>"; };
		85C1698124A33BD400BD2EE1 /* EditProfileCell.swift */ = {isa = PBXFileReference; lastKnownFileType = sourcecode.swift; path = EditProfileCell.swift; sourceTree = "<group>"; };
		85C2352C24C5A5CB003FD668 /* SpotViewModel.swift */ = {isa = PBXFileReference; lastKnownFileType = sourcecode.swift; path = SpotViewModel.swift; sourceTree = "<group>"; };
		85D8EA19248E74CE002AFEC1 /* UploadLogController.swift */ = {isa = PBXFileReference; lastKnownFileType = sourcecode.swift; path = UploadLogController.swift; sourceTree = "<group>"; };
		85D8EA1B248E81D5002AFEC1 /* LogService.swift */ = {isa = PBXFileReference; lastKnownFileType = sourcecode.swift; path = LogService.swift; sourceTree = "<group>"; };
		85D8EA1D248F363E002AFEC1 /* User.swift */ = {isa = PBXFileReference; lastKnownFileType = sourcecode.swift; path = User.swift; sourceTree = "<group>"; };
		85E0F57A24A4D5A200FBFBF3 /* EditProfileViewModel.swift */ = {isa = PBXFileReference; lastKnownFileType = sourcecode.swift; path = EditProfileViewModel.swift; sourceTree = "<group>"; };
		85EA102624A7BBB000397C46 /* LogController.swift */ = {isa = PBXFileReference; lastKnownFileType = sourcecode.swift; path = LogController.swift; sourceTree = "<group>"; };
		85EA445D24CC3AF300FA5FEE /* LogViewModel.swift */ = {isa = PBXFileReference; lastKnownFileType = sourcecode.swift; path = LogViewModel.swift; sourceTree = "<group>"; };
		85EA445F24CC511600FA5FEE /* ActionSheetLauncher.swift */ = {isa = PBXFileReference; lastKnownFileType = sourcecode.swift; path = ActionSheetLauncher.swift; sourceTree = "<group>"; };
		85EA446124CC551A00FA5FEE /* ActionSheetCell.swift */ = {isa = PBXFileReference; lastKnownFileType = sourcecode.swift; path = ActionSheetCell.swift; sourceTree = "<group>"; };
		85EA446324CC636200FA5FEE /* ActionSheetViewModel.swift */ = {isa = PBXFileReference; lastKnownFileType = sourcecode.swift; path = ActionSheetViewModel.swift; sourceTree = "<group>"; };
		85EA486D248A7EC10086A140 /* LogCell.swift */ = {isa = PBXFileReference; lastKnownFileType = sourcecode.swift; path = LogCell.swift; sourceTree = "<group>"; };
		85EB9A50249BBADA00C03E49 /* ProfileFilterView.swift */ = {isa = PBXFileReference; lastKnownFileType = sourcecode.swift; path = ProfileFilterView.swift; sourceTree = "<group>"; };
		85EB9A53249BBCBF00C03E49 /* ProfileFilterCell.swift */ = {isa = PBXFileReference; lastKnownFileType = sourcecode.swift; path = ProfileFilterCell.swift; sourceTree = "<group>"; };
		FCACC46B811F6668310475C2 /* Pods_shishaLog.framework */ = {isa = PBXFileReference; explicitFileType = wrapper.framework; includeInIndex = 0; path = Pods_shishaLog.framework; sourceTree = BUILT_PRODUCTS_DIR; };
/* End PBXFileReference section */

/* Begin PBXFrameworksBuildPhase section */
		851AAA59247E92AC006030D1 /* Frameworks */ = {
			isa = PBXFrameworksBuildPhase;
			buildActionMask = 2147483647;
			files = (
				0288C89FE2FA812F121CAC9F /* Pods_shishaLog.framework in Frameworks */,
			);
			runOnlyForDeploymentPostprocessing = 0;
		};
/* End PBXFrameworksBuildPhase section */

/* Begin PBXGroup section */
		3D746501DBC5AFFC023121CC /* Pods */ = {
			isa = PBXGroup;
			children = (
				100583CB114F7ACA28C2044A /* Pods-shishaLog.debug.xcconfig */,
				374390EDFDC908B161FEA36E /* Pods-shishaLog.release.xcconfig */,
			);
			path = Pods;
			sourceTree = "<group>";
		};
		851AAA53247E92AC006030D1 = {
			isa = PBXGroup;
			children = (
				851AAA5E247E92AC006030D1 /* shishaLog */,
				851AAA5D247E92AC006030D1 /* Products */,
				3D746501DBC5AFFC023121CC /* Pods */,
				9376A70418DD8EE762A34584 /* Frameworks */,
			);
			sourceTree = "<group>";
		};
		851AAA5D247E92AC006030D1 /* Products */ = {
			isa = PBXGroup;
			children = (
				851AAA5C247E92AC006030D1 /* shishaLog.app */,
			);
			name = Products;
			sourceTree = "<group>";
		};
		851AAA5E247E92AC006030D1 /* shishaLog */ = {
			isa = PBXGroup;
			children = (
				851AAA75247E95DB006030D1 /* Model */,
				851AAA73247E95CA006030D1 /* View */,
				851AAA74247E95D1006030D1 /* ViewModel */,
				851AAA76247E9609006030D1 /* Controllers */,
				851AAA77247E9617006030D1 /* API */,
				851AAA78247E961D006030D1 /* Utils */,
				851AAA5F247E92AC006030D1 /* AppDelegate.swift */,
				851AAA61247E92AC006030D1 /* SceneDelegate.swift */,
				851AAA65247E92AC006030D1 /* Main.storyboard */,
				851AAA68247E92AD006030D1 /* Assets.xcassets */,
				851AAA6A247E92AD006030D1 /* LaunchScreen.storyboard */,
				851AAA6D247E92AD006030D1 /* Info.plist */,
				851AAA8C247EB854006030D1 /* GoogleService-Info.plist */,
			);
			path = shishaLog;
			sourceTree = "<group>";
		};
		851AAA73247E95CA006030D1 /* View */ = {
			isa = PBXGroup;
			children = (
				85EB9A52249BBC9B00C03E49 /* Profile */,
				85EA486D248A7EC10086A140 /* LogCell.swift */,
				8563E28B2497AD56008F9103 /* CaptionTextView.swift */,
				8563E28F2499DCC9008F9103 /* UserCell.swift */,
				859DF69B24A8A94200D580C6 /* LogHeader.swift */,
				859DF69F24AA2BF800D580C6 /* SpotCell.swift */,
				85BF5BCA24BF0D65001BFD0B /* ChoiceSpotCell.swift */,
				85EA446124CC551A00FA5FEE /* ActionSheetCell.swift */,
				8555C38924D1332D00DE30DA /* SpotHeader.swift */,
			);
			path = View;
			sourceTree = "<group>";
		};
		851AAA74247E95D1006030D1 /* ViewModel */ = {
			isa = PBXGroup;
			children = (
				85417CA6249CBD0400FDFDC8 /* ProfileHeaderViewModel.swift */,
				85E0F57A24A4D5A200FBFBF3 /* EditProfileViewModel.swift */,
				8571AAF324C02B270000C2F6 /* ShopRegistrationViewModel.swift */,
				85C2352C24C5A5CB003FD668 /* SpotViewModel.swift */,
				85EA445D24CC3AF300FA5FEE /* LogViewModel.swift */,
				85EA446324CC636200FA5FEE /* ActionSheetViewModel.swift */,
			);
			path = ViewModel;
			sourceTree = "<group>";
		};
		851AAA75247E95DB006030D1 /* Model */ = {
			isa = PBXGroup;
			children = (
				85D8EA1D248F363E002AFEC1 /* User.swift */,
				8563E28D2498FD1F008F9103 /* Log.swift */,
				859DF69D24A908A900D580C6 /* Spot.swift */,
				8591BD2E24BECBDC0001BEA0 /* Shop.swift */,
			);
			path = Model;
			sourceTree = "<group>";
		};
		851AAA76247E9609006030D1 /* Controllers */ = {
			isa = PBXGroup;
			children = (
				851AAA81247E9B0A006030D1 /* Authentication */,
				851AAA7F247E98DC006030D1 /* MainTabController.swift */,
				851AAA84247E9DD0006030D1 /* FeedController.swift */,
				851AAA86247E9E29006030D1 /* ExploreController.swift */,
				851AAA88247E9E80006030D1 /* ProfileController.swift */,
				851AAA8A247E9EC5006030D1 /* SpotFeedController.swift */,
				85D8EA19248E74CE002AFEC1 /* UploadLogController.swift */,
				85C1697D24A3277700BD2EE1 /* EditProfileController.swift */,
				85EA102624A7BBB000397C46 /* LogController.swift */,
				8591BD3224BF096A0001BEA0 /* Spot */,
				8571AAF124BF43F60000C2F6 /* ShopRegistrationController.swift */,
				8555C38724D131DA00DE30DA /* SpotController.swift */,
				8555C38B24D44FB200DE30DA /* UserListController.swift */,
			);
			path = Controllers;
			sourceTree = "<group>";
		};
		851AAA77247E9617006030D1 /* API */ = {
			isa = PBXGroup;
			children = (
				851AAA90247ED5AE006030D1 /* UserService.swift */,
				851AAA92247ED61D006030D1 /* AuthService.swift */,
				85D8EA1B248E81D5002AFEC1 /* LogService.swift */,
				8591BD2A24BEC3280001BEA0 /* SpotService.swift */,
				8571AAEF24BF43030000C2F6 /* ShopService.swift */,
			);
			path = API;
			sourceTree = "<group>";
		};
		851AAA78247E961D006030D1 /* Utils */ = {
			isa = PBXGroup;
			children = (
				851AAA79247E965E006030D1 /* Utilities.swift */,
				851AAA7B247E9685006030D1 /* Extensions.swift */,
				851AAA7D247E96E2006030D1 /* Constants.swift */,
				85EA445F24CC511600FA5FEE /* ActionSheetLauncher.swift */,
			);
			path = Utils;
			sourceTree = "<group>";
		};
		851AAA81247E9B0A006030D1 /* Authentication */ = {
			isa = PBXGroup;
			children = (
				851AAA82247E9CC6006030D1 /* RegistrationController.swift */,
				851AAA8E247ED260006030D1 /* LoginController.swift */,
			);
			path = Authentication;
			sourceTree = "<group>";
		};
		8591BD3224BF096A0001BEA0 /* Spot */ = {
			isa = PBXGroup;
			children = (
				8591BD2C24BEC4510001BEA0 /* UploadSpotController.swift */,
				8591BD3024BF09630001BEA0 /* ChoiceSpotController.swift */,
			);
			path = Spot;
			sourceTree = "<group>";
		};
		85EB9A52249BBC9B00C03E49 /* Profile */ = {
			isa = PBXGroup;
			children = (
				8563E2912499FFC4008F9103 /* ProfileHeader.swift */,
				85EB9A50249BBADA00C03E49 /* ProfileFilterView.swift */,
				85EB9A53249BBCBF00C03E49 /* ProfileFilterCell.swift */,
				85C1697F24A33BC500BD2EE1 /* EditProfileHeader.swift */,
				85C1698124A33BD400BD2EE1 /* EditProfileCell.swift */,
				854ACFBB24A62C38000C880F /* EditProfileFooter.swift */,
			);
			path = Profile;
			sourceTree = "<group>";
		};
		9376A70418DD8EE762A34584 /* Frameworks */ = {
			isa = PBXGroup;
			children = (
				FCACC46B811F6668310475C2 /* Pods_shishaLog.framework */,
			);
			name = Frameworks;
			sourceTree = "<group>";
		};
/* End PBXGroup section */

/* Begin PBXNativeTarget section */
		851AAA5B247E92AC006030D1 /* shishaLog */ = {
			isa = PBXNativeTarget;
			buildConfigurationList = 851AAA70247E92AD006030D1 /* Build configuration list for PBXNativeTarget "shishaLog" */;
			buildPhases = (
				3A14FB81F2925822B7349C8B /* [CP] Check Pods Manifest.lock */,
				851AAA58247E92AC006030D1 /* Sources */,
				851AAA59247E92AC006030D1 /* Frameworks */,
				851AAA5A247E92AC006030D1 /* Resources */,
				FFF43C864F49B90EB2B0D592 /* [CP] Embed Pods Frameworks */,
			);
			buildRules = (
			);
			dependencies = (
			);
			name = shishaLog;
			productName = shishaLog;
			productReference = 851AAA5C247E92AC006030D1 /* shishaLog.app */;
			productType = "com.apple.product-type.application";
		};
/* End PBXNativeTarget section */

/* Begin PBXProject section */
		851AAA54247E92AC006030D1 /* Project object */ = {
			isa = PBXProject;
			attributes = {
				LastSwiftUpdateCheck = 1130;
				LastUpgradeCheck = 1130;
				ORGANIZATIONNAME = "ISSEY MIYAMOTO";
				TargetAttributes = {
					851AAA5B247E92AC006030D1 = {
						CreatedOnToolsVersion = 11.3;
					};
				};
			};
			buildConfigurationList = 851AAA57247E92AC006030D1 /* Build configuration list for PBXProject "shishaLog" */;
			compatibilityVersion = "Xcode 9.3";
			developmentRegion = en;
			hasScannedForEncodings = 0;
			knownRegions = (
				en,
				Base,
			);
			mainGroup = 851AAA53247E92AC006030D1;
			productRefGroup = 851AAA5D247E92AC006030D1 /* Products */;
			projectDirPath = "";
			projectRoot = "";
			targets = (
				851AAA5B247E92AC006030D1 /* shishaLog */,
			);
		};
/* End PBXProject section */

/* Begin PBXResourcesBuildPhase section */
		851AAA5A247E92AC006030D1 /* Resources */ = {
			isa = PBXResourcesBuildPhase;
			buildActionMask = 2147483647;
			files = (
				851AAA6C247E92AD006030D1 /* LaunchScreen.storyboard in Resources */,
				851AAA8D247EB854006030D1 /* GoogleService-Info.plist in Resources */,
				851AAA69247E92AD006030D1 /* Assets.xcassets in Resources */,
				851AAA67247E92AC006030D1 /* Main.storyboard in Resources */,
			);
			runOnlyForDeploymentPostprocessing = 0;
		};
/* End PBXResourcesBuildPhase section */

/* Begin PBXShellScriptBuildPhase section */
		3A14FB81F2925822B7349C8B /* [CP] Check Pods Manifest.lock */ = {
			isa = PBXShellScriptBuildPhase;
			buildActionMask = 2147483647;
			files = (
			);
			inputFileListPaths = (
			);
			inputPaths = (
				"${PODS_PODFILE_DIR_PATH}/Podfile.lock",
				"${PODS_ROOT}/Manifest.lock",
			);
			name = "[CP] Check Pods Manifest.lock";
			outputFileListPaths = (
			);
			outputPaths = (
				"$(DERIVED_FILE_DIR)/Pods-shishaLog-checkManifestLockResult.txt",
			);
			runOnlyForDeploymentPostprocessing = 0;
			shellPath = /bin/sh;
			shellScript = "diff \"${PODS_PODFILE_DIR_PATH}/Podfile.lock\" \"${PODS_ROOT}/Manifest.lock\" > /dev/null\nif [ $? != 0 ] ; then\n    # print error to STDERR\n    echo \"error: The sandbox is not in sync with the Podfile.lock. Run 'pod install' or update your CocoaPods installation.\" >&2\n    exit 1\nfi\n# This output is used by Xcode 'outputs' to avoid re-running this script phase.\necho \"SUCCESS\" > \"${SCRIPT_OUTPUT_FILE_0}\"\n";
			showEnvVarsInLog = 0;
		};
		FFF43C864F49B90EB2B0D592 /* [CP] Embed Pods Frameworks */ = {
			isa = PBXShellScriptBuildPhase;
			buildActionMask = 2147483647;
			files = (
			);
			inputFileListPaths = (
				"${PODS_ROOT}/Target Support Files/Pods-shishaLog/Pods-shishaLog-frameworks-${CONFIGURATION}-input-files.xcfilelist",
			);
			name = "[CP] Embed Pods Frameworks";
			outputFileListPaths = (
				"${PODS_ROOT}/Target Support Files/Pods-shishaLog/Pods-shishaLog-frameworks-${CONFIGURATION}-output-files.xcfilelist",
			);
			runOnlyForDeploymentPostprocessing = 0;
			shellPath = /bin/sh;
			shellScript = "\"${PODS_ROOT}/Target Support Files/Pods-shishaLog/Pods-shishaLog-frameworks.sh\"\n";
			showEnvVarsInLog = 0;
		};
/* End PBXShellScriptBuildPhase section */

/* Begin PBXSourcesBuildPhase section */
		851AAA58247E92AC006030D1 /* Sources */ = {
			isa = PBXSourcesBuildPhase;
			buildActionMask = 2147483647;
			files = (
				851AAA83247E9CC6006030D1 /* RegistrationController.swift in Sources */,
				851AAA8F247ED260006030D1 /* LoginController.swift in Sources */,
				8563E28E2498FD1F008F9103 /* Log.swift in Sources */,
				851AAA7E247E96E2006030D1 /* Constants.swift in Sources */,
				854ACFBC24A62C38000C880F /* EditProfileFooter.swift in Sources */,
				851AAA87247E9E29006030D1 /* ExploreController.swift in Sources */,
				8591BD3124BF09630001BEA0 /* ChoiceSpotController.swift in Sources */,
				8571AAF024BF43030000C2F6 /* ShopService.swift in Sources */,
				85E0F57B24A4D5A200FBFBF3 /* EditProfileViewModel.swift in Sources */,
				8571AAF424C02B270000C2F6 /* ShopRegistrationViewModel.swift in Sources */,
				851AAA7A247E965E006030D1 /* Utilities.swift in Sources */,
				85D8EA1C248E81D5002AFEC1 /* LogService.swift in Sources */,
				85EA486E248A7EC10086A140 /* LogCell.swift in Sources */,
				85C1698024A33BC500BD2EE1 /* EditProfileHeader.swift in Sources */,
				859DF6A024AA2BF800D580C6 /* SpotCell.swift in Sources */,
				8591BD2D24BEC4510001BEA0 /* UploadSpotController.swift in Sources */,
				8555C38A24D1332D00DE30DA /* SpotHeader.swift in Sources */,
				851AAA80247E98DC006030D1 /* MainTabController.swift in Sources */,
				851AAA91247ED5AE006030D1 /* UserService.swift in Sources */,
				85417CA7249CBD0400FDFDC8 /* ProfileHeaderViewModel.swift in Sources */,
				85EA446224CC551A00FA5FEE /* ActionSheetCell.swift in Sources */,
				85EA445E24CC3AF300FA5FEE /* LogViewModel.swift in Sources */,
				8563E2922499FFC4008F9103 /* ProfileHeader.swift in Sources */,
				851AAA89247E9E80006030D1 /* ProfileController.swift in Sources */,
				851AAA60247E92AC006030D1 /* AppDelegate.swift in Sources */,
				8563E28C2497AD56008F9103 /* CaptionTextView.swift in Sources */,
				8555C38C24D44FB200DE30DA /* UserListController.swift in Sources */,
				85EB9A51249BBADA00C03E49 /* ProfileFilterView.swift in Sources */,
				859DF69E24A908A900D580C6 /* Spot.swift in Sources */,
				851AAA62247E92AC006030D1 /* SceneDelegate.swift in Sources */,
				8571AAF224BF43F60000C2F6 /* ShopRegistrationController.swift in Sources */,
				85C2352D24C5A5CB003FD668 /* SpotViewModel.swift in Sources */,
				85EA446024CC511600FA5FEE /* ActionSheetLauncher.swift in Sources */,
				851AAA8B247E9EC5006030D1 /* SpotFeedController.swift in Sources */,
				859DF69C24A8A94200D580C6 /* LogHeader.swift in Sources */,
				85EB9A54249BBCBF00C03E49 /* ProfileFilterCell.swift in Sources */,
				85EA446424CC636200FA5FEE /* ActionSheetViewModel.swift in Sources */,
				8591BD2F24BECBDC0001BEA0 /* Shop.swift in Sources */,
				85BF5BCB24BF0D65001BFD0B /* ChoiceSpotCell.swift in Sources */,
				851AAA7C247E9685006030D1 /* Extensions.swift in Sources */,
				85D8EA1E248F363E002AFEC1 /* User.swift in Sources */,
				85C1697E24A3277700BD2EE1 /* EditProfileController.swift in Sources */,
				85EA102724A7BBB000397C46 /* LogController.swift in Sources */,
				8555C38824D131DA00DE30DA /* SpotController.swift in Sources */,
				85C1698224A33BD400BD2EE1 /* EditProfileCell.swift in Sources */,
				851AAA85247E9DD0006030D1 /* FeedController.swift in Sources */,
				851AAA93247ED61D006030D1 /* AuthService.swift in Sources */,
				85D8EA1A248E74CE002AFEC1 /* UploadLogController.swift in Sources */,
				8591BD2B24BEC3280001BEA0 /* SpotService.swift in Sources */,
				8563E2902499DCC9008F9103 /* UserCell.swift in Sources */,
			);
			runOnlyForDeploymentPostprocessing = 0;
		};
/* End PBXSourcesBuildPhase section */

/* Begin PBXVariantGroup section */
		851AAA65247E92AC006030D1 /* Main.storyboard */ = {
			isa = PBXVariantGroup;
			children = (
				851AAA66247E92AC006030D1 /* Base */,
			);
			name = Main.storyboard;
			sourceTree = "<group>";
		};
		851AAA6A247E92AD006030D1 /* LaunchScreen.storyboard */ = {
			isa = PBXVariantGroup;
			children = (
				851AAA6B247E92AD006030D1 /* Base */,
			);
			name = LaunchScreen.storyboard;
			sourceTree = "<group>";
		};
/* End PBXVariantGroup section */

/* Begin XCBuildConfiguration section */
		851AAA6E247E92AD006030D1 /* Debug */ = {
			isa = XCBuildConfiguration;
			buildSettings = {
				ALWAYS_SEARCH_USER_PATHS = NO;
				CLANG_ANALYZER_NONNULL = YES;
				CLANG_ANALYZER_NUMBER_OBJECT_CONVERSION = YES_AGGRESSIVE;
				CLANG_CXX_LANGUAGE_STANDARD = "gnu++14";
				CLANG_CXX_LIBRARY = "libc++";
				CLANG_ENABLE_MODULES = YES;
				CLANG_ENABLE_OBJC_ARC = YES;
				CLANG_ENABLE_OBJC_WEAK = YES;
				CLANG_WARN_BLOCK_CAPTURE_AUTORELEASING = YES;
				CLANG_WARN_BOOL_CONVERSION = YES;
				CLANG_WARN_COMMA = YES;
				CLANG_WARN_CONSTANT_CONVERSION = YES;
				CLANG_WARN_DEPRECATED_OBJC_IMPLEMENTATIONS = YES;
				CLANG_WARN_DIRECT_OBJC_ISA_USAGE = YES_ERROR;
				CLANG_WARN_DOCUMENTATION_COMMENTS = YES;
				CLANG_WARN_EMPTY_BODY = YES;
				CLANG_WARN_ENUM_CONVERSION = YES;
				CLANG_WARN_INFINITE_RECURSION = YES;
				CLANG_WARN_INT_CONVERSION = YES;
				CLANG_WARN_NON_LITERAL_NULL_CONVERSION = YES;
				CLANG_WARN_OBJC_IMPLICIT_RETAIN_SELF = YES;
				CLANG_WARN_OBJC_LITERAL_CONVERSION = YES;
				CLANG_WARN_OBJC_ROOT_CLASS = YES_ERROR;
				CLANG_WARN_RANGE_LOOP_ANALYSIS = YES;
				CLANG_WARN_STRICT_PROTOTYPES = YES;
				CLANG_WARN_SUSPICIOUS_MOVE = YES;
				CLANG_WARN_UNGUARDED_AVAILABILITY = YES_AGGRESSIVE;
				CLANG_WARN_UNREACHABLE_CODE = YES;
				CLANG_WARN__DUPLICATE_METHOD_MATCH = YES;
				COPY_PHASE_STRIP = NO;
				DEBUG_INFORMATION_FORMAT = dwarf;
				ENABLE_STRICT_OBJC_MSGSEND = YES;
				ENABLE_TESTABILITY = YES;
				GCC_C_LANGUAGE_STANDARD = gnu11;
				GCC_DYNAMIC_NO_PIC = NO;
				GCC_NO_COMMON_BLOCKS = YES;
				GCC_OPTIMIZATION_LEVEL = 0;
				GCC_PREPROCESSOR_DEFINITIONS = (
					"DEBUG=1",
					"$(inherited)",
				);
				GCC_WARN_64_TO_32_BIT_CONVERSION = YES;
				GCC_WARN_ABOUT_RETURN_TYPE = YES_ERROR;
				GCC_WARN_UNDECLARED_SELECTOR = YES;
				GCC_WARN_UNINITIALIZED_AUTOS = YES_AGGRESSIVE;
				GCC_WARN_UNUSED_FUNCTION = YES;
				GCC_WARN_UNUSED_VARIABLE = YES;
				IPHONEOS_DEPLOYMENT_TARGET = 13.2;
				MTL_ENABLE_DEBUG_INFO = INCLUDE_SOURCE;
				MTL_FAST_MATH = YES;
				ONLY_ACTIVE_ARCH = YES;
				SDKROOT = iphoneos;
				SWIFT_ACTIVE_COMPILATION_CONDITIONS = DEBUG;
				SWIFT_OPTIMIZATION_LEVEL = "-Onone";
			};
			name = Debug;
		};
		851AAA6F247E92AD006030D1 /* Release */ = {
			isa = XCBuildConfiguration;
			buildSettings = {
				ALWAYS_SEARCH_USER_PATHS = NO;
				CLANG_ANALYZER_NONNULL = YES;
				CLANG_ANALYZER_NUMBER_OBJECT_CONVERSION = YES_AGGRESSIVE;
				CLANG_CXX_LANGUAGE_STANDARD = "gnu++14";
				CLANG_CXX_LIBRARY = "libc++";
				CLANG_ENABLE_MODULES = YES;
				CLANG_ENABLE_OBJC_ARC = YES;
				CLANG_ENABLE_OBJC_WEAK = YES;
				CLANG_WARN_BLOCK_CAPTURE_AUTORELEASING = YES;
				CLANG_WARN_BOOL_CONVERSION = YES;
				CLANG_WARN_COMMA = YES;
				CLANG_WARN_CONSTANT_CONVERSION = YES;
				CLANG_WARN_DEPRECATED_OBJC_IMPLEMENTATIONS = YES;
				CLANG_WARN_DIRECT_OBJC_ISA_USAGE = YES_ERROR;
				CLANG_WARN_DOCUMENTATION_COMMENTS = YES;
				CLANG_WARN_EMPTY_BODY = YES;
				CLANG_WARN_ENUM_CONVERSION = YES;
				CLANG_WARN_INFINITE_RECURSION = YES;
				CLANG_WARN_INT_CONVERSION = YES;
				CLANG_WARN_NON_LITERAL_NULL_CONVERSION = YES;
				CLANG_WARN_OBJC_IMPLICIT_RETAIN_SELF = YES;
				CLANG_WARN_OBJC_LITERAL_CONVERSION = YES;
				CLANG_WARN_OBJC_ROOT_CLASS = YES_ERROR;
				CLANG_WARN_RANGE_LOOP_ANALYSIS = YES;
				CLANG_WARN_STRICT_PROTOTYPES = YES;
				CLANG_WARN_SUSPICIOUS_MOVE = YES;
				CLANG_WARN_UNGUARDED_AVAILABILITY = YES_AGGRESSIVE;
				CLANG_WARN_UNREACHABLE_CODE = YES;
				CLANG_WARN__DUPLICATE_METHOD_MATCH = YES;
				COPY_PHASE_STRIP = NO;
				DEBUG_INFORMATION_FORMAT = "dwarf-with-dsym";
				ENABLE_NS_ASSERTIONS = NO;
				ENABLE_STRICT_OBJC_MSGSEND = YES;
				GCC_C_LANGUAGE_STANDARD = gnu11;
				GCC_NO_COMMON_BLOCKS = YES;
				GCC_WARN_64_TO_32_BIT_CONVERSION = YES;
				GCC_WARN_ABOUT_RETURN_TYPE = YES_ERROR;
				GCC_WARN_UNDECLARED_SELECTOR = YES;
				GCC_WARN_UNINITIALIZED_AUTOS = YES_AGGRESSIVE;
				GCC_WARN_UNUSED_FUNCTION = YES;
				GCC_WARN_UNUSED_VARIABLE = YES;
				IPHONEOS_DEPLOYMENT_TARGET = 13.2;
				MTL_ENABLE_DEBUG_INFO = NO;
				MTL_FAST_MATH = YES;
				SDKROOT = iphoneos;
				SWIFT_COMPILATION_MODE = wholemodule;
				SWIFT_OPTIMIZATION_LEVEL = "-O";
				VALIDATE_PRODUCT = YES;
			};
			name = Release;
		};
		851AAA71247E92AD006030D1 /* Debug */ = {
			isa = XCBuildConfiguration;
			baseConfigurationReference = 100583CB114F7ACA28C2044A /* Pods-shishaLog.debug.xcconfig */;
			buildSettings = {
				ASSETCATALOG_COMPILER_APPICON_NAME = AppIcon;
				CODE_SIGN_STYLE = Automatic;
				DEVELOPMENT_TEAM = HN3QP72JH2;
				INFOPLIST_FILE = shishaLog/Info.plist;
				LD_RUNPATH_SEARCH_PATHS = (
					"$(inherited)",
					"@executable_path/Frameworks",
				);
				PRODUCT_BUNDLE_IDENTIFIER = com.issey.shishaLog;
				PRODUCT_NAME = "$(TARGET_NAME)";
				SWIFT_VERSION = 5.0;
				TARGETED_DEVICE_FAMILY = 1;
			};
			name = Debug;
		};
		851AAA72247E92AD006030D1 /* Release */ = {
			isa = XCBuildConfiguration;
			baseConfigurationReference = 374390EDFDC908B161FEA36E /* Pods-shishaLog.release.xcconfig */;
			buildSettings = {
				ASSETCATALOG_COMPILER_APPICON_NAME = AppIcon;
				CODE_SIGN_STYLE = Automatic;
				DEVELOPMENT_TEAM = HN3QP72JH2;
				INFOPLIST_FILE = shishaLog/Info.plist;
				LD_RUNPATH_SEARCH_PATHS = (
					"$(inherited)",
					"@executable_path/Frameworks",
				);
				PRODUCT_BUNDLE_IDENTIFIER = com.issey.shishaLog;
				PRODUCT_NAME = "$(TARGET_NAME)";
				SWIFT_VERSION = 5.0;
				TARGETED_DEVICE_FAMILY = 1;
			};
			name = Release;
		};
/* End XCBuildConfiguration section */

/* Begin XCConfigurationList section */
		851AAA57247E92AC006030D1 /* Build configuration list for PBXProject "shishaLog" */ = {
			isa = XCConfigurationList;
			buildConfigurations = (
				851AAA6E247E92AD006030D1 /* Debug */,
				851AAA6F247E92AD006030D1 /* Release */,
			);
			defaultConfigurationIsVisible = 0;
			defaultConfigurationName = Release;
		};
		851AAA70247E92AD006030D1 /* Build configuration list for PBXNativeTarget "shishaLog" */ = {
			isa = XCConfigurationList;
			buildConfigurations = (
				851AAA71247E92AD006030D1 /* Debug */,
				851AAA72247E92AD006030D1 /* Release */,
			);
			defaultConfigurationIsVisible = 0;
			defaultConfigurationName = Release;
		};
/* End XCConfigurationList section */
	};
	rootObject = 851AAA54247E92AC006030D1 /* Project object */;
}
